
Microsoft Visual Studio Solution File, Format Version 12.00
# Visual Studio Version 17
VisualStudioVersion = 17.5.002.0
MinimumVisualStudioVersion = 10.0.40219.1
Project("{2150E333-8FDC-42A3-9474-1A3956D46DE8}") = "lista01", "lista01", "{D54339B1-22DF-400D-8A04-E22641A2DE68}"
EndProject
Project("{9A19103F-16F7-4668-BE54-9A1E7A4F7556}") = "lista1exercicio1", "lista01\lista1exercicio1\lista1exercicio1.csproj", "{A51EFAAF-C595-43D1-87B4-4FFBB26D6857}"
EndProject
Project("{9A19103F-16F7-4668-BE54-9A1E7A4F7556}") = "lista1exercicio2", "lista01\lista1exercicio2\lista1exercicio2.csproj", "{4EEFCBFB-0BC5-4364-B10E-EF3A507922B5}"
EndProject
Project("{9A19103F-16F7-4668-BE54-9A1E7A4F7556}") = "lista1exercicio3", "lista01\lista1exercicio3\lista1exercicio3.csproj", "{54C517DF-B6A8-480D-BA47-E0C7CAB9CEE2}"
EndProject
Project("{9A19103F-16F7-4668-BE54-9A1E7A4F7556}") = "lista1exercicio4", "lista01\lista1exercicio4\lista1exercicio4.csproj", "{86000076-AE94-4FFC-B6F7-D13928212874}"
EndProject
Project("{9A19103F-16F7-4668-BE54-9A1E7A4F7556}") = "lista1exercicio5", "lista01\lista1exercicio5\lista1exercicio5.csproj", "{138971D6-E99D-444C-B021-AC1341797510}"
EndProject
Project("{9A19103F-16F7-4668-BE54-9A1E7A4F7556}") = "lista1exercicio6", "lista01\lista1exercicio6\lista1exercicio6.csproj", "{8890A060-1DA8-4328-9141-A6E43E1A926D}"
EndProject
Project("{9A19103F-16F7-4668-BE54-9A1E7A4F7556}") = "lista1exercicio7", "lista01\lista1exercicio7\lista1exercicio7.csproj", "{97900129-B699-4E97-A290-4474321A4C88}"
EndProject
Project("{9A19103F-16F7-4668-BE54-9A1E7A4F7556}") = "lista1exercicio8", "lista01\lista1exercicio8\lista1exercicio8.csproj", "{CE1C36EC-5B27-441A-94A1-BDE41CF31377}"
EndProject
Project("{2150E333-8FDC-42A3-9474-1A3956D46DE8}") = "lista02", "lista02", "{ACD85680-068A-47FA-9ED7-AA82011421F4}"
EndProject
Project("{9A19103F-16F7-4668-BE54-9A1E7A4F7556}") = "lista2exercicio1", "lista02\lista2exercicio1\lista2exercicio1.csproj", "{FA354933-9101-41B9-BDFB-464E803A32FA}"
EndProject
Project("{9A19103F-16F7-4668-BE54-9A1E7A4F7556}") = "lista2exercicio10", "lista02\lista2exercicio10\lista2exercicio10.csproj", "{F0AE4A81-E28A-4FF2-A46C-B62FA1316A65}"
EndProject
Project("{9A19103F-16F7-4668-BE54-9A1E7A4F7556}") = "lista2exercicio2", "lista02\lista2exercicio2\lista2exercicio2.csproj", "{C8C494B3-9F72-4DA0-980A-47B9E5B14D81}"
EndProject
Project("{9A19103F-16F7-4668-BE54-9A1E7A4F7556}") = "lista2exercicio3", "lista02\lista2exercicio3\lista2exercicio3.csproj", "{D998B255-FE18-47F4-9378-EE340E83685C}"
EndProject
Project("{9A19103F-16F7-4668-BE54-9A1E7A4F7556}") = "lista2exercicio4", "lista02\lista2exercicio4\lista2exercicio4.csproj", "{77D3045B-8320-4D21-AC14-569416E64C2E}"
EndProject
Project("{9A19103F-16F7-4668-BE54-9A1E7A4F7556}") = "lista2exercicio5", "lista02\lista2exercicio5\lista2exercicio5.csproj", "{8A6EEB12-573E-4BC9-AE88-116B8E361AAF}"
EndProject
Project("{9A19103F-16F7-4668-BE54-9A1E7A4F7556}") = "lista2exercicio6", "lista02\lista2exercicio6\lista2exercicio6.csproj", "{4046CEF7-1A94-47EC-9B49-52077F608041}"
EndProject
Project("{9A19103F-16F7-4668-BE54-9A1E7A4F7556}") = "lista2exercicio7", "lista02\lista2exercicio7\lista2exercicio7.csproj", "{FD997396-7E28-4E73-AC60-8659903BEB59}"
EndProject
Project("{9A19103F-16F7-4668-BE54-9A1E7A4F7556}") = "lista2exercicio8", "lista02\lista2exercicio8\lista2exercicio8.csproj", "{A772FE19-02EB-449D-B5EA-1C2DA189BBF8}"
EndProject
Project("{9A19103F-16F7-4668-BE54-9A1E7A4F7556}") = "lista2exercicio9", "lista02\lista2exercicio9\lista2exercicio9.csproj", "{83C6C8BA-D340-4217-8477-782C198AC740}"
EndProject
Project("{2150E333-8FDC-42A3-9474-1A3956D46DE8}") = "lista03", "lista03", "{1144146C-51DD-490F-ACC7-D96FCDA69AFE}"
EndProject
Project("{9A19103F-16F7-4668-BE54-9A1E7A4F7556}") = "lista3exercicio1", "lista03\lista3exercicio1\lista3exercicio1.csproj", "{3BD3FDAB-40F2-4922-9DE1-14968D4D7A35}"
EndProject
Project("{FAE04EC0-301F-11D3-BF4B-00C04F79EFBC}") = "lista3exercicio2", "lista03\lista3exercicio2\lista3exercicio2.csproj", "{4A9B1AE5-4B4A-49DA-B076-991A6AF0733B}"
EndProject
Project("{FAE04EC0-301F-11D3-BF4B-00C04F79EFBC}") = "lista3exercicio3", "lista3exercicio3\lista3exercicio3.csproj", "{77EE8A31-C4CC-456D-AA9F-0DCF5E85FDE3}"
EndProject
Project("{FAE04EC0-301F-11D3-BF4B-00C04F79EFBC}") = "lista3exercicio4", "lista3exercicio4\lista3exercicio4.csproj", "{48E9CD84-9440-405B-BAA0-CA8FF9D96065}"
EndProject
Project("{FAE04EC0-301F-11D3-BF4B-00C04F79EFBC}") = "lista3exercicio5", "lista3exercicio5\lista3exercicio5.csproj", "{9810A09B-0EFF-4F64-AA51-D99399AEEAB0}"
EndProject
Project("{FAE04EC0-301F-11D3-BF4B-00C04F79EFBC}") = "lista3exercicio6", "lista3exercicio6\lista3exercicio6.csproj", "{BE6762F5-D616-4957-AA4E-10A007CD17B4}"
EndProject
Project("{FAE04EC0-301F-11D3-BF4B-00C04F79EFBC}") = "lista3exercicio7", "lista3exercicio7\lista3exercicio7.csproj", "{029EF23D-3BEF-476A-BE4F-74261F529614}"
EndProject
Project("{FAE04EC0-301F-11D3-BF4B-00C04F79EFBC}") = "lista3exercicio7", "lista03\lista3exercicio7\lista3exercicio7.csproj", "{967876A4-1739-4064-A6D3-00D8F1A8DA35}"
EndProject
Project("{FAE04EC0-301F-11D3-BF4B-00C04F79EFBC}") = "lista3exercicio6", "lista03\lista3exercicio6\lista3exercicio6.csproj", "{D8A12A54-7185-4977-89C0-B30741D761E9}"
EndProject
Project("{FAE04EC0-301F-11D3-BF4B-00C04F79EFBC}") = "lista3exercicio5", "lista03\lista3exercicio5\lista3exercicio5.csproj", "{D09803B9-EE85-43D6-9F9D-4D76A36247BC}"
EndProject
Project("{FAE04EC0-301F-11D3-BF4B-00C04F79EFBC}") = "lista3exercicio4", "lista03\lista3exercicio4\lista3exercicio4.csproj", "{E6DA8D4A-2072-4AD1-8974-3B88961AF2C6}"
EndProject
Project("{FAE04EC0-301F-11D3-BF4B-00C04F79EFBC}") = "lista3exercicio3", "lista03\lista3exercicio3\lista3exercicio3.csproj", "{7510EFA4-DE6D-4D70-B833-AD7E3E54F677}"
EndProject
Project("{FAE04EC0-301F-11D3-BF4B-00C04F79EFBC}") = "lista3exercicio8", "lista03\lista3exercicio8\lista3exercicio8.csproj", "{FCCE0022-6D06-465C-8449-007AE8A65122}"
EndProject
Project("{FAE04EC0-301F-11D3-BF4B-00C04F79EFBC}") = "lista3exercicio9", "lista03\lista3exercicio9\lista3exercicio9.csproj", "{BFAFB425-1E16-4A54-B58D-09A9F28A42F8}"
EndProject
Project("{FAE04EC0-301F-11D3-BF4B-00C04F79EFBC}") = "lista3exercicio10", "lista03\lista3exercicio10\lista3exercicio10.csproj", "{E6EB29EA-C406-4FA1-9052-4C55474CB0FD}"
EndProject
Project("{FAE04EC0-301F-11D3-BF4B-00C04F79EFBC}") = "lista3exercicio11", "lista03\lista3exercicio11\lista3exercicio11.csproj", "{7CD6C3AE-F0ED-4FB3-8BCA-1F0A4BF45A1F}"
EndProject
Project("{2150E333-8FDC-42A3-9474-1A3956D46DE8}") = "lista04", "lista04", "{F163869A-0BF3-4B8B-ADE9-3C8BC4F0F0E9}"
EndProject
Project("{FAE04EC0-301F-11D3-BF4B-00C04F79EFBC}") = "lista4exercicios", "lista04\lista4exercicios\lista4exercicios.csproj", "{0C980B5E-A0BC-4ED1-BCD6-0C7ECD28F96B}"
EndProject
Global
	GlobalSection(SolutionConfigurationPlatforms) = preSolution
		Debug|Any CPU = Debug|Any CPU
		Release|Any CPU = Release|Any CPU
	EndGlobalSection
	GlobalSection(ProjectConfigurationPlatforms) = postSolution
		{A51EFAAF-C595-43D1-87B4-4FFBB26D6857}.Debug|Any CPU.ActiveCfg = Debug|Any CPU
		{A51EFAAF-C595-43D1-87B4-4FFBB26D6857}.Debug|Any CPU.Build.0 = Debug|Any CPU
		{A51EFAAF-C595-43D1-87B4-4FFBB26D6857}.Release|Any CPU.ActiveCfg = Release|Any CPU
		{A51EFAAF-C595-43D1-87B4-4FFBB26D6857}.Release|Any CPU.Build.0 = Release|Any CPU
		{4EEFCBFB-0BC5-4364-B10E-EF3A507922B5}.Debug|Any CPU.ActiveCfg = Debug|Any CPU
		{4EEFCBFB-0BC5-4364-B10E-EF3A507922B5}.Debug|Any CPU.Build.0 = Debug|Any CPU
		{4EEFCBFB-0BC5-4364-B10E-EF3A507922B5}.Release|Any CPU.ActiveCfg = Release|Any CPU
		{4EEFCBFB-0BC5-4364-B10E-EF3A507922B5}.Release|Any CPU.Build.0 = Release|Any CPU
		{54C517DF-B6A8-480D-BA47-E0C7CAB9CEE2}.Debug|Any CPU.ActiveCfg = Debug|Any CPU
		{54C517DF-B6A8-480D-BA47-E0C7CAB9CEE2}.Debug|Any CPU.Build.0 = Debug|Any CPU
		{54C517DF-B6A8-480D-BA47-E0C7CAB9CEE2}.Release|Any CPU.ActiveCfg = Release|Any CPU
		{54C517DF-B6A8-480D-BA47-E0C7CAB9CEE2}.Release|Any CPU.Build.0 = Release|Any CPU
		{86000076-AE94-4FFC-B6F7-D13928212874}.Debug|Any CPU.ActiveCfg = Debug|Any CPU
		{86000076-AE94-4FFC-B6F7-D13928212874}.Debug|Any CPU.Build.0 = Debug|Any CPU
		{86000076-AE94-4FFC-B6F7-D13928212874}.Release|Any CPU.ActiveCfg = Release|Any CPU
		{86000076-AE94-4FFC-B6F7-D13928212874}.Release|Any CPU.Build.0 = Release|Any CPU
		{138971D6-E99D-444C-B021-AC1341797510}.Debug|Any CPU.ActiveCfg = Debug|Any CPU
		{138971D6-E99D-444C-B021-AC1341797510}.Debug|Any CPU.Build.0 = Debug|Any CPU
		{138971D6-E99D-444C-B021-AC1341797510}.Release|Any CPU.ActiveCfg = Release|Any CPU
		{138971D6-E99D-444C-B021-AC1341797510}.Release|Any CPU.Build.0 = Release|Any CPU
		{8890A060-1DA8-4328-9141-A6E43E1A926D}.Debug|Any CPU.ActiveCfg = Debug|Any CPU
		{8890A060-1DA8-4328-9141-A6E43E1A926D}.Debug|Any CPU.Build.0 = Debug|Any CPU
		{8890A060-1DA8-4328-9141-A6E43E1A926D}.Release|Any CPU.ActiveCfg = Release|Any CPU
		{8890A060-1DA8-4328-9141-A6E43E1A926D}.Release|Any CPU.Build.0 = Release|Any CPU
		{97900129-B699-4E97-A290-4474321A4C88}.Debug|Any CPU.ActiveCfg = Debug|Any CPU
		{97900129-B699-4E97-A290-4474321A4C88}.Debug|Any CPU.Build.0 = Debug|Any CPU
		{97900129-B699-4E97-A290-4474321A4C88}.Release|Any CPU.ActiveCfg = Release|Any CPU
		{97900129-B699-4E97-A290-4474321A4C88}.Release|Any CPU.Build.0 = Release|Any CPU
		{CE1C36EC-5B27-441A-94A1-BDE41CF31377}.Debug|Any CPU.ActiveCfg = Debug|Any CPU
		{CE1C36EC-5B27-441A-94A1-BDE41CF31377}.Debug|Any CPU.Build.0 = Debug|Any CPU
		{CE1C36EC-5B27-441A-94A1-BDE41CF31377}.Release|Any CPU.ActiveCfg = Release|Any CPU
		{CE1C36EC-5B27-441A-94A1-BDE41CF31377}.Release|Any CPU.Build.0 = Release|Any CPU
		{FA354933-9101-41B9-BDFB-464E803A32FA}.Debug|Any CPU.ActiveCfg = Debug|Any CPU
		{FA354933-9101-41B9-BDFB-464E803A32FA}.Debug|Any CPU.Build.0 = Debug|Any CPU
		{FA354933-9101-41B9-BDFB-464E803A32FA}.Release|Any CPU.ActiveCfg = Release|Any CPU
		{FA354933-9101-41B9-BDFB-464E803A32FA}.Release|Any CPU.Build.0 = Release|Any CPU
		{F0AE4A81-E28A-4FF2-A46C-B62FA1316A65}.Debug|Any CPU.ActiveCfg = Debug|Any CPU
		{F0AE4A81-E28A-4FF2-A46C-B62FA1316A65}.Debug|Any CPU.Build.0 = Debug|Any CPU
		{F0AE4A81-E28A-4FF2-A46C-B62FA1316A65}.Release|Any CPU.ActiveCfg = Release|Any CPU
		{F0AE4A81-E28A-4FF2-A46C-B62FA1316A65}.Release|Any CPU.Build.0 = Release|Any CPU
		{C8C494B3-9F72-4DA0-980A-47B9E5B14D81}.Debug|Any CPU.ActiveCfg = Debug|Any CPU
		{C8C494B3-9F72-4DA0-980A-47B9E5B14D81}.Debug|Any CPU.Build.0 = Debug|Any CPU
		{C8C494B3-9F72-4DA0-980A-47B9E5B14D81}.Release|Any CPU.ActiveCfg = Release|Any CPU
		{C8C494B3-9F72-4DA0-980A-47B9E5B14D81}.Release|Any CPU.Build.0 = Release|Any CPU
		{D998B255-FE18-47F4-9378-EE340E83685C}.Debug|Any CPU.ActiveCfg = Debug|Any CPU
		{D998B255-FE18-47F4-9378-EE340E83685C}.Debug|Any CPU.Build.0 = Debug|Any CPU
		{D998B255-FE18-47F4-9378-EE340E83685C}.Release|Any CPU.ActiveCfg = Release|Any CPU
		{D998B255-FE18-47F4-9378-EE340E83685C}.Release|Any CPU.Build.0 = Release|Any CPU
		{77D3045B-8320-4D21-AC14-569416E64C2E}.Debug|Any CPU.ActiveCfg = Debug|Any CPU
		{77D3045B-8320-4D21-AC14-569416E64C2E}.Debug|Any CPU.Build.0 = Debug|Any CPU
		{77D3045B-8320-4D21-AC14-569416E64C2E}.Release|Any CPU.ActiveCfg = Release|Any CPU
		{77D3045B-8320-4D21-AC14-569416E64C2E}.Release|Any CPU.Build.0 = Release|Any CPU
		{8A6EEB12-573E-4BC9-AE88-116B8E361AAF}.Debug|Any CPU.ActiveCfg = Debug|Any CPU
		{8A6EEB12-573E-4BC9-AE88-116B8E361AAF}.Debug|Any CPU.Build.0 = Debug|Any CPU
		{8A6EEB12-573E-4BC9-AE88-116B8E361AAF}.Release|Any CPU.ActiveCfg = Release|Any CPU
		{8A6EEB12-573E-4BC9-AE88-116B8E361AAF}.Release|Any CPU.Build.0 = Release|Any CPU
		{4046CEF7-1A94-47EC-9B49-52077F608041}.Debug|Any CPU.ActiveCfg = Debug|Any CPU
		{4046CEF7-1A94-47EC-9B49-52077F608041}.Debug|Any CPU.Build.0 = Debug|Any CPU
		{4046CEF7-1A94-47EC-9B49-52077F608041}.Release|Any CPU.ActiveCfg = Release|Any CPU
		{4046CEF7-1A94-47EC-9B49-52077F608041}.Release|Any CPU.Build.0 = Release|Any CPU
		{FD997396-7E28-4E73-AC60-8659903BEB59}.Debug|Any CPU.ActiveCfg = Debug|Any CPU
		{FD997396-7E28-4E73-AC60-8659903BEB59}.Debug|Any CPU.Build.0 = Debug|Any CPU
		{FD997396-7E28-4E73-AC60-8659903BEB59}.Release|Any CPU.ActiveCfg = Release|Any CPU
		{FD997396-7E28-4E73-AC60-8659903BEB59}.Release|Any CPU.Build.0 = Release|Any CPU
		{A772FE19-02EB-449D-B5EA-1C2DA189BBF8}.Debug|Any CPU.ActiveCfg = Debug|Any CPU
		{A772FE19-02EB-449D-B5EA-1C2DA189BBF8}.Debug|Any CPU.Build.0 = Debug|Any CPU
		{A772FE19-02EB-449D-B5EA-1C2DA189BBF8}.Release|Any CPU.ActiveCfg = Release|Any CPU
		{A772FE19-02EB-449D-B5EA-1C2DA189BBF8}.Release|Any CPU.Build.0 = Release|Any CPU
		{83C6C8BA-D340-4217-8477-782C198AC740}.Debug|Any CPU.ActiveCfg = Debug|Any CPU
		{83C6C8BA-D340-4217-8477-782C198AC740}.Debug|Any CPU.Build.0 = Debug|Any CPU
		{83C6C8BA-D340-4217-8477-782C198AC740}.Release|Any CPU.ActiveCfg = Release|Any CPU
		{83C6C8BA-D340-4217-8477-782C198AC740}.Release|Any CPU.Build.0 = Release|Any CPU
		{3BD3FDAB-40F2-4922-9DE1-14968D4D7A35}.Debug|Any CPU.ActiveCfg = Debug|Any CPU
		{3BD3FDAB-40F2-4922-9DE1-14968D4D7A35}.Debug|Any CPU.Build.0 = Debug|Any CPU
		{3BD3FDAB-40F2-4922-9DE1-14968D4D7A35}.Release|Any CPU.ActiveCfg = Release|Any CPU
		{3BD3FDAB-40F2-4922-9DE1-14968D4D7A35}.Release|Any CPU.Build.0 = Release|Any CPU
		{4A9B1AE5-4B4A-49DA-B076-991A6AF0733B}.Debug|Any CPU.ActiveCfg = Debug|Any CPU
		{4A9B1AE5-4B4A-49DA-B076-991A6AF0733B}.Debug|Any CPU.Build.0 = Debug|Any CPU
		{4A9B1AE5-4B4A-49DA-B076-991A6AF0733B}.Release|Any CPU.ActiveCfg = Release|Any CPU
		{4A9B1AE5-4B4A-49DA-B076-991A6AF0733B}.Release|Any CPU.Build.0 = Release|Any CPU
		{77EE8A31-C4CC-456D-AA9F-0DCF5E85FDE3}.Debug|Any CPU.ActiveCfg = Debug|Any CPU
		{77EE8A31-C4CC-456D-AA9F-0DCF5E85FDE3}.Debug|Any CPU.Build.0 = Debug|Any CPU
		{77EE8A31-C4CC-456D-AA9F-0DCF5E85FDE3}.Release|Any CPU.ActiveCfg = Release|Any CPU
		{77EE8A31-C4CC-456D-AA9F-0DCF5E85FDE3}.Release|Any CPU.Build.0 = Release|Any CPU
		{48E9CD84-9440-405B-BAA0-CA8FF9D96065}.Debug|Any CPU.ActiveCfg = Debug|Any CPU
		{48E9CD84-9440-405B-BAA0-CA8FF9D96065}.Debug|Any CPU.Build.0 = Debug|Any CPU
		{48E9CD84-9440-405B-BAA0-CA8FF9D96065}.Release|Any CPU.ActiveCfg = Release|Any CPU
		{48E9CD84-9440-405B-BAA0-CA8FF9D96065}.Release|Any CPU.Build.0 = Release|Any CPU
		{9810A09B-0EFF-4F64-AA51-D99399AEEAB0}.Debug|Any CPU.ActiveCfg = Debug|Any CPU
		{9810A09B-0EFF-4F64-AA51-D99399AEEAB0}.Debug|Any CPU.Build.0 = Debug|Any CPU
		{9810A09B-0EFF-4F64-AA51-D99399AEEAB0}.Release|Any CPU.ActiveCfg = Release|Any CPU
		{9810A09B-0EFF-4F64-AA51-D99399AEEAB0}.Release|Any CPU.Build.0 = Release|Any CPU
		{BE6762F5-D616-4957-AA4E-10A007CD17B4}.Debug|Any CPU.ActiveCfg = Debug|Any CPU
		{BE6762F5-D616-4957-AA4E-10A007CD17B4}.Debug|Any CPU.Build.0 = Debug|Any CPU
		{BE6762F5-D616-4957-AA4E-10A007CD17B4}.Release|Any CPU.ActiveCfg = Release|Any CPU
		{BE6762F5-D616-4957-AA4E-10A007CD17B4}.Release|Any CPU.Build.0 = Release|Any CPU
		{029EF23D-3BEF-476A-BE4F-74261F529614}.Debug|Any CPU.ActiveCfg = Debug|Any CPU
		{029EF23D-3BEF-476A-BE4F-74261F529614}.Debug|Any CPU.Build.0 = Debug|Any CPU
		{029EF23D-3BEF-476A-BE4F-74261F529614}.Release|Any CPU.ActiveCfg = Release|Any CPU
		{029EF23D-3BEF-476A-BE4F-74261F529614}.Release|Any CPU.Build.0 = Release|Any CPU
		{967876A4-1739-4064-A6D3-00D8F1A8DA35}.Debug|Any CPU.ActiveCfg = Debug|Any CPU
		{967876A4-1739-4064-A6D3-00D8F1A8DA35}.Debug|Any CPU.Build.0 = Debug|Any CPU
		{967876A4-1739-4064-A6D3-00D8F1A8DA35}.Release|Any CPU.ActiveCfg = Release|Any CPU
		{967876A4-1739-4064-A6D3-00D8F1A8DA35}.Release|Any CPU.Build.0 = Release|Any CPU
		{D8A12A54-7185-4977-89C0-B30741D761E9}.Debug|Any CPU.ActiveCfg = Debug|Any CPU
		{D8A12A54-7185-4977-89C0-B30741D761E9}.Debug|Any CPU.Build.0 = Debug|Any CPU
		{D8A12A54-7185-4977-89C0-B30741D761E9}.Release|Any CPU.ActiveCfg = Release|Any CPU
		{D8A12A54-7185-4977-89C0-B30741D761E9}.Release|Any CPU.Build.0 = Release|Any CPU
		{D09803B9-EE85-43D6-9F9D-4D76A36247BC}.Debug|Any CPU.ActiveCfg = Debug|Any CPU
		{D09803B9-EE85-43D6-9F9D-4D76A36247BC}.Debug|Any CPU.Build.0 = Debug|Any CPU
		{D09803B9-EE85-43D6-9F9D-4D76A36247BC}.Release|Any CPU.ActiveCfg = Release|Any CPU
		{D09803B9-EE85-43D6-9F9D-4D76A36247BC}.Release|Any CPU.Build.0 = Release|Any CPU
		{E6DA8D4A-2072-4AD1-8974-3B88961AF2C6}.Debug|Any CPU.ActiveCfg = Debug|Any CPU
		{E6DA8D4A-2072-4AD1-8974-3B88961AF2C6}.Debug|Any CPU.Build.0 = Debug|Any CPU
		{E6DA8D4A-2072-4AD1-8974-3B88961AF2C6}.Release|Any CPU.ActiveCfg = Release|Any CPU
		{E6DA8D4A-2072-4AD1-8974-3B88961AF2C6}.Release|Any CPU.Build.0 = Release|Any CPU
		{7510EFA4-DE6D-4D70-B833-AD7E3E54F677}.Debug|Any CPU.ActiveCfg = Debug|Any CPU
		{7510EFA4-DE6D-4D70-B833-AD7E3E54F677}.Debug|Any CPU.Build.0 = Debug|Any CPU
		{7510EFA4-DE6D-4D70-B833-AD7E3E54F677}.Release|Any CPU.ActiveCfg = Release|Any CPU
		{7510EFA4-DE6D-4D70-B833-AD7E3E54F677}.Release|Any CPU.Build.0 = Release|Any CPU
		{FCCE0022-6D06-465C-8449-007AE8A65122}.Debug|Any CPU.ActiveCfg = Debug|Any CPU
		{FCCE0022-6D06-465C-8449-007AE8A65122}.Debug|Any CPU.Build.0 = Debug|Any CPU
		{FCCE0022-6D06-465C-8449-007AE8A65122}.Release|Any CPU.ActiveCfg = Release|Any CPU
		{FCCE0022-6D06-465C-8449-007AE8A65122}.Release|Any CPU.Build.0 = Release|Any CPU
		{BFAFB425-1E16-4A54-B58D-09A9F28A42F8}.Debug|Any CPU.ActiveCfg = Debug|Any CPU
		{BFAFB425-1E16-4A54-B58D-09A9F28A42F8}.Debug|Any CPU.Build.0 = Debug|Any CPU
		{BFAFB425-1E16-4A54-B58D-09A9F28A42F8}.Release|Any CPU.ActiveCfg = Release|Any CPU
		{BFAFB425-1E16-4A54-B58D-09A9F28A42F8}.Release|Any CPU.Build.0 = Release|Any CPU
		{E6EB29EA-C406-4FA1-9052-4C55474CB0FD}.Debug|Any CPU.ActiveCfg = Debug|Any CPU
		{E6EB29EA-C406-4FA1-9052-4C55474CB0FD}.Debug|Any CPU.Build.0 = Debug|Any CPU
		{E6EB29EA-C406-4FA1-9052-4C55474CB0FD}.Release|Any CPU.ActiveCfg = Release|Any CPU
		{E6EB29EA-C406-4FA1-9052-4C55474CB0FD}.Release|Any CPU.Build.0 = Release|Any CPU
		{7CD6C3AE-F0ED-4FB3-8BCA-1F0A4BF45A1F}.Debug|Any CPU.ActiveCfg = Debug|Any CPU
		{7CD6C3AE-F0ED-4FB3-8BCA-1F0A4BF45A1F}.Debug|Any CPU.Build.0 = Debug|Any CPU
		{7CD6C3AE-F0ED-4FB3-8BCA-1F0A4BF45A1F}.Release|Any CPU.ActiveCfg = Release|Any CPU
		{7CD6C3AE-F0ED-4FB3-8BCA-1F0A4BF45A1F}.Release|Any CPU.Build.0 = Release|Any CPU
		{0C980B5E-A0BC-4ED1-BCD6-0C7ECD28F96B}.Debug|Any CPU.ActiveCfg = Debug|Any CPU
		{0C980B5E-A0BC-4ED1-BCD6-0C7ECD28F96B}.Debug|Any CPU.Build.0 = Debug|Any CPU
		{0C980B5E-A0BC-4ED1-BCD6-0C7ECD28F96B}.Release|Any CPU.ActiveCfg = Release|Any CPU
		{0C980B5E-A0BC-4ED1-BCD6-0C7ECD28F96B}.Release|Any CPU.Build.0 = Release|Any CPU
	EndGlobalSection
	GlobalSection(SolutionProperties) = preSolution
		HideSolutionNode = FALSE
	EndGlobalSection
	GlobalSection(NestedProjects) = preSolution
		{A51EFAAF-C595-43D1-87B4-4FFBB26D6857} = {D54339B1-22DF-400D-8A04-E22641A2DE68}
		{4EEFCBFB-0BC5-4364-B10E-EF3A507922B5} = {D54339B1-22DF-400D-8A04-E22641A2DE68}
		{54C517DF-B6A8-480D-BA47-E0C7CAB9CEE2} = {D54339B1-22DF-400D-8A04-E22641A2DE68}
		{86000076-AE94-4FFC-B6F7-D13928212874} = {D54339B1-22DF-400D-8A04-E22641A2DE68}
		{138971D6-E99D-444C-B021-AC1341797510} = {D54339B1-22DF-400D-8A04-E22641A2DE68}
		{8890A060-1DA8-4328-9141-A6E43E1A926D} = {D54339B1-22DF-400D-8A04-E22641A2DE68}
		{97900129-B699-4E97-A290-4474321A4C88} = {D54339B1-22DF-400D-8A04-E22641A2DE68}
		{CE1C36EC-5B27-441A-94A1-BDE41CF31377} = {D54339B1-22DF-400D-8A04-E22641A2DE68}
		{FA354933-9101-41B9-BDFB-464E803A32FA} = {ACD85680-068A-47FA-9ED7-AA82011421F4}
		{F0AE4A81-E28A-4FF2-A46C-B62FA1316A65} = {ACD85680-068A-47FA-9ED7-AA82011421F4}
		{C8C494B3-9F72-4DA0-980A-47B9E5B14D81} = {ACD85680-068A-47FA-9ED7-AA82011421F4}
		{D998B255-FE18-47F4-9378-EE340E83685C} = {ACD85680-068A-47FA-9ED7-AA82011421F4}
		{77D3045B-8320-4D21-AC14-569416E64C2E} = {ACD85680-068A-47FA-9ED7-AA82011421F4}
		{8A6EEB12-573E-4BC9-AE88-116B8E361AAF} = {ACD85680-068A-47FA-9ED7-AA82011421F4}
		{4046CEF7-1A94-47EC-9B49-52077F608041} = {ACD85680-068A-47FA-9ED7-AA82011421F4}
		{FD997396-7E28-4E73-AC60-8659903BEB59} = {ACD85680-068A-47FA-9ED7-AA82011421F4}
		{A772FE19-02EB-449D-B5EA-1C2DA189BBF8} = {ACD85680-068A-47FA-9ED7-AA82011421F4}
		{83C6C8BA-D340-4217-8477-782C198AC740} = {ACD85680-068A-47FA-9ED7-AA82011421F4}
		{3BD3FDAB-40F2-4922-9DE1-14968D4D7A35} = {1144146C-51DD-490F-ACC7-D96FCDA69AFE}
		{4A9B1AE5-4B4A-49DA-B076-991A6AF0733B} = {1144146C-51DD-490F-ACC7-D96FCDA69AFE}
		{967876A4-1739-4064-A6D3-00D8F1A8DA35} = {1144146C-51DD-490F-ACC7-D96FCDA69AFE}
		{D8A12A54-7185-4977-89C0-B30741D761E9} = {1144146C-51DD-490F-ACC7-D96FCDA69AFE}
		{D09803B9-EE85-43D6-9F9D-4D76A36247BC} = {1144146C-51DD-490F-ACC7-D96FCDA69AFE}
		{E6DA8D4A-2072-4AD1-8974-3B88961AF2C6} = {1144146C-51DD-490F-ACC7-D96FCDA69AFE}
		{7510EFA4-DE6D-4D70-B833-AD7E3E54F677} = {1144146C-51DD-490F-ACC7-D96FCDA69AFE}
		{FCCE0022-6D06-465C-8449-007AE8A65122} = {1144146C-51DD-490F-ACC7-D96FCDA69AFE}
		{BFAFB425-1E16-4A54-B58D-09A9F28A42F8} = {1144146C-51DD-490F-ACC7-D96FCDA69AFE}
		{E6EB29EA-C406-4FA1-9052-4C55474CB0FD} = {1144146C-51DD-490F-ACC7-D96FCDA69AFE}
		{7CD6C3AE-F0ED-4FB3-8BCA-1F0A4BF45A1F} = {1144146C-51DD-490F-ACC7-D96FCDA69AFE}
		{0C980B5E-A0BC-4ED1-BCD6-0C7ECD28F96B} = {F163869A-0BF3-4B8B-ADE9-3C8BC4F0F0E9}
	EndGlobalSection
	GlobalSection(ExtensibilityGlobals) = postSolution
		SolutionGuid = {B7F14DC2-7B5E-4375-ADD6-734DEE5AFD8D}
	EndGlobalSection
EndGlobal
